
Microsoft Visual Studio Solution File, Format Version 12.00

Project("{FAE04EC0-301F-11D3-BF4B-00C04F79EFBC}") = "KataPotter", "src\KataPotter\KataPotter.csproj", "{FBF580B0-FBC2-42D6-BA82-3AFC3F20B929}"
EndProject
Project("{FAE04EC0-301F-11D3-BF4B-00C04F79EFBC}") = "KataPotterTests", "tests\KataPotterTests\KataPotterTests.csproj", "{10A9ABC8-E324-4099-8E29-2933458E10DE}"
EndProject
Global
	GlobalSection(SolutionConfigurationPlatforms) = preSolution
		Debug|Any CPU = Debug|Any CPU
		Release|Any CPU = Release|Any CPU
	EndGlobalSection
	GlobalSection(ProjectConfigurationPlatforms) = postSolution
		{D64A963F-7D57-498E-A38F-DD54A7E18B33}.Debug|Any CPU.ActiveCfg = Debug|Any CPU
		{D64A963F-7D57-498E-A38F-DD54A7E18B33}.Debug|Any CPU.Build.0 = Debug|Any CPU
		{D64A963F-7D57-498E-A38F-DD54A7E18B33}.Release|Any CPU.ActiveCfg = Release|Any CPU
		{D64A963F-7D57-498E-A38F-DD54A7E18B33}.Release|Any CPU.Build.0 = Release|Any CPU
		{FBF580B0-FBC2-42D6-BA82-3AFC3F20B929}.Debug|Any CPU.ActiveCfg = Debug|Any CPU
		{FBF580B0-FBC2-42D6-BA82-3AFC3F20B929}.Debug|Any CPU.Build.0 = Debug|Any CPU
		{FBF580B0-FBC2-42D6-BA82-3AFC3F20B929}.Release|Any CPU.ActiveCfg = Release|Any CPU
		{FBF580B0-FBC2-42D6-BA82-3AFC3F20B929}.Release|Any CPU.Build.0 = Release|Any CPU
		{10A9ABC8-E324-4099-8E29-2933458E10DE}.Debug|Any CPU.ActiveCfg = Debug|Any CPU
		{10A9ABC8-E324-4099-8E29-2933458E10DE}.Debug|Any CPU.Build.0 = Debug|Any CPU
		{10A9ABC8-E324-4099-8E29-2933458E10DE}.Release|Any CPU.ActiveCfg = Release|Any CPU
		{10A9ABC8-E324-4099-8E29-2933458E10DE}.Release|Any CPU.Build.0 = Release|Any CPU
	EndGlobalSection
EndGlobal
